
Microsoft Visual Studio Solution File, Format Version 12.00
# Visual Studio Version 17
VisualStudioVersion = 17.4.33122.133
MinimumVisualStudioVersion = 10.0.40219.1
Project("{9A19103F-16F7-4668-BE54-9A1E7A4F7556}") = "Tail4Windows", "Tail4Windows\Tail4Windows.csproj", "{B07BE282-4B92-4E8B-97E0-8413E9501877}"
EndProject
Project("{9A19103F-16F7-4668-BE54-9A1E7A4F7556}") = "NUnit.Tests", "NUnit.Tests\NUnit.Tests.csproj", "{8EDF4429-251A-416D-BB68-93F227191BCF}"
EndProject
Project("{2150E333-8FDC-42A3-9474-1A3956D46DE8}") = "Solution Items", "Solution Items", "{CDB7BF00-E89C-48BB-9131-BF3BC35C1157}"
	ProjectSection(SolutionItems) = preProject
		.editorconfig = .editorconfig
	EndProjectSection
EndProject
Project("{9A19103F-16F7-4668-BE54-9A1E7A4F7556}") = "Tail4WindowsCore", "Tail4WindowsCore\Tail4WindowsCore.csproj", "{7E255B50-CFB7-4AD8-9694-E569427FE866}"
EndProject
Project("{9A19103F-16F7-4668-BE54-9A1E7A4F7556}") = "Tail4WindowsBusiness", "Tail4WindowsBusiness\Tail4WindowsBusiness.csproj", "{C81D4747-D467-42FA-A998-0B8E68131E46}"
EndProject
Project("{9A19103F-16F7-4668-BE54-9A1E7A4F7556}") = "Tail4WindowsControllers", "Tail4WindowsControllers\Tail4WindowsControllers.csproj", "{DFD6AB76-FD51-4B29-ABCA-F0E11BEBB9EC}"
EndProject
Project("{9A19103F-16F7-4668-BE54-9A1E7A4F7556}") = "Tail4WindowsUi.Utils", "Tail4WindowsUi.Utils\Tail4WindowsUi.Utils.csproj", "{CC2ADA96-DEB9-4C47-8B9F-6F289B137701}"
EndProject
Project("{9A19103F-16F7-4668-BE54-9A1E7A4F7556}") = "Tail4WindowsUi.Plugins", "Tail4WindowsUi.Plugins\Tail4WindowsUi.Plugins.csproj", "{1CBF978A-E8BD-4F25-88EA-B069D1FDF62E}"
EndProject
Project("{2150E333-8FDC-42A3-9474-1A3956D46DE8}") = "NetCore", "NetCore", "{35D990C7-F9DA-4907-9C72-2C6E3E52B2C9}"
EndProject
Project("{9A19103F-16F7-4668-BE54-9A1E7A4F7556}") = "Tail4Windows.Core", "NetCore\Tail4Windows.Core\Tail4Windows.Core.csproj", "{97171C5A-EEA0-4F04-9F0A-3B7B2D155DAE}"
EndProject
Project("{9A19103F-16F7-4668-BE54-9A1E7A4F7556}") = "Tail4WindowsBusiness.Core", "NetCore\Tail4WindowsBusiness.Core\Tail4WindowsBusiness.Core.csproj", "{5A002F83-17A5-403D-ADC6-246C21F9918D}"
EndProject
Project("{FAE04EC0-301F-11D3-BF4B-00C04F79EFBC}") = "Tail4WindowsControllers.Core", "NetCore\Tail4WindowsControllers.Core\Tail4WindowsControllers.Core.csproj", "{AE3E5659-CA82-4CD1-B881-5FDE76130078}"
	ProjectSection(ProjectDependencies) = postProject
		{5A002F83-17A5-403D-ADC6-246C21F9918D} = {5A002F83-17A5-403D-ADC6-246C21F9918D}
		{97171C5A-EEA0-4F04-9F0A-3B7B2D155DAE} = {97171C5A-EEA0-4F04-9F0A-3B7B2D155DAE}
	EndProjectSection
EndProject
Global
	GlobalSection(SolutionConfigurationPlatforms) = preSolution
		Debug|Any CPU = Debug|Any CPU
		Debug|Mixed Platforms = Debug|Mixed Platforms
		Debug|x64 = Debug|x64
		Debug|x86 = Debug|x86
		Release|Any CPU = Release|Any CPU
		Release|Mixed Platforms = Release|Mixed Platforms
		Release|x64 = Release|x64
		Release|x86 = Release|x86
	EndGlobalSection
	GlobalSection(ProjectConfigurationPlatforms) = postSolution
		{B07BE282-4B92-4E8B-97E0-8413E9501877}.Debug|Any CPU.ActiveCfg = Debug|x64
		{B07BE282-4B92-4E8B-97E0-8413E9501877}.Debug|Any CPU.Build.0 = Debug|x64
		{B07BE282-4B92-4E8B-97E0-8413E9501877}.Debug|Mixed Platforms.ActiveCfg = Debug|x86
		{B07BE282-4B92-4E8B-97E0-8413E9501877}.Debug|Mixed Platforms.Build.0 = Debug|x86
		{B07BE282-4B92-4E8B-97E0-8413E9501877}.Debug|x64.ActiveCfg = Debug|x64
		{B07BE282-4B92-4E8B-97E0-8413E9501877}.Debug|x64.Build.0 = Debug|x64
		{B07BE282-4B92-4E8B-97E0-8413E9501877}.Debug|x86.ActiveCfg = Debug|x86
		{B07BE282-4B92-4E8B-97E0-8413E9501877}.Debug|x86.Build.0 = Debug|x86
		{B07BE282-4B92-4E8B-97E0-8413E9501877}.Release|Any CPU.ActiveCfg = Release|Any CPU
		{B07BE282-4B92-4E8B-97E0-8413E9501877}.Release|Any CPU.Build.0 = Release|Any CPU
		{B07BE282-4B92-4E8B-97E0-8413E9501877}.Release|Mixed Platforms.ActiveCfg = Release|x86
		{B07BE282-4B92-4E8B-97E0-8413E9501877}.Release|Mixed Platforms.Build.0 = Release|x86
		{B07BE282-4B92-4E8B-97E0-8413E9501877}.Release|x64.ActiveCfg = Release|x64
		{B07BE282-4B92-4E8B-97E0-8413E9501877}.Release|x64.Build.0 = Release|x64
		{B07BE282-4B92-4E8B-97E0-8413E9501877}.Release|x86.ActiveCfg = Release|x86
		{B07BE282-4B92-4E8B-97E0-8413E9501877}.Release|x86.Build.0 = Release|x86
		{8EDF4429-251A-416D-BB68-93F227191BCF}.Debug|Any CPU.ActiveCfg = Debug|x64
		{8EDF4429-251A-416D-BB68-93F227191BCF}.Debug|Any CPU.Build.0 = Debug|x64
		{8EDF4429-251A-416D-BB68-93F227191BCF}.Debug|Mixed Platforms.ActiveCfg = Debug|Any CPU
		{8EDF4429-251A-416D-BB68-93F227191BCF}.Debug|Mixed Platforms.Build.0 = Debug|Any CPU
		{8EDF4429-251A-416D-BB68-93F227191BCF}.Debug|x64.ActiveCfg = Debug|Any CPU
		{8EDF4429-251A-416D-BB68-93F227191BCF}.Debug|x64.Build.0 = Debug|Any CPU
		{8EDF4429-251A-416D-BB68-93F227191BCF}.Debug|x86.ActiveCfg = Debug|Any CPU
		{8EDF4429-251A-416D-BB68-93F227191BCF}.Debug|x86.Build.0 = Debug|Any CPU
		{8EDF4429-251A-416D-BB68-93F227191BCF}.Release|Any CPU.ActiveCfg = Release|Any CPU
		{8EDF4429-251A-416D-BB68-93F227191BCF}.Release|Any CPU.Build.0 = Release|Any CPU
		{8EDF4429-251A-416D-BB68-93F227191BCF}.Release|Mixed Platforms.ActiveCfg = Release|Any CPU
		{8EDF4429-251A-416D-BB68-93F227191BCF}.Release|Mixed Platforms.Build.0 = Release|Any CPU
		{8EDF4429-251A-416D-BB68-93F227191BCF}.Release|x64.ActiveCfg = Release|Any CPU
		{8EDF4429-251A-416D-BB68-93F227191BCF}.Release|x64.Build.0 = Release|Any CPU
		{8EDF4429-251A-416D-BB68-93F227191BCF}.Release|x86.ActiveCfg = Release|Any CPU
		{8EDF4429-251A-416D-BB68-93F227191BCF}.Release|x86.Build.0 = Release|Any CPU
		{7E255B50-CFB7-4AD8-9694-E569427FE866}.Debug|Any CPU.ActiveCfg = Debug|Any CPU
		{7E255B50-CFB7-4AD8-9694-E569427FE866}.Debug|Any CPU.Build.0 = Debug|Any CPU
		{7E255B50-CFB7-4AD8-9694-E569427FE866}.Debug|Mixed Platforms.ActiveCfg = Debug|Any CPU
		{7E255B50-CFB7-4AD8-9694-E569427FE866}.Debug|Mixed Platforms.Build.0 = Debug|Any CPU
		{7E255B50-CFB7-4AD8-9694-E569427FE866}.Debug|x64.ActiveCfg = Debug|x64
		{7E255B50-CFB7-4AD8-9694-E569427FE866}.Debug|x64.Build.0 = Debug|x64
		{7E255B50-CFB7-4AD8-9694-E569427FE866}.Debug|x86.ActiveCfg = Debug|x86
		{7E255B50-CFB7-4AD8-9694-E569427FE866}.Debug|x86.Build.0 = Debug|x86
		{7E255B50-CFB7-4AD8-9694-E569427FE866}.Release|Any CPU.ActiveCfg = Release|Any CPU
		{7E255B50-CFB7-4AD8-9694-E569427FE866}.Release|Any CPU.Build.0 = Release|Any CPU
		{7E255B50-CFB7-4AD8-9694-E569427FE866}.Release|Mixed Platforms.ActiveCfg = Release|Any CPU
		{7E255B50-CFB7-4AD8-9694-E569427FE866}.Release|Mixed Platforms.Build.0 = Release|Any CPU
		{7E255B50-CFB7-4AD8-9694-E569427FE866}.Release|x64.ActiveCfg = Release|x64
		{7E255B50-CFB7-4AD8-9694-E569427FE866}.Release|x64.Build.0 = Release|x64
		{7E255B50-CFB7-4AD8-9694-E569427FE866}.Release|x86.ActiveCfg = Release|x86
		{7E255B50-CFB7-4AD8-9694-E569427FE866}.Release|x86.Build.0 = Release|x86
		{C81D4747-D467-42FA-A998-0B8E68131E46}.Debug|Any CPU.ActiveCfg = Debug|Any CPU
		{C81D4747-D467-42FA-A998-0B8E68131E46}.Debug|Any CPU.Build.0 = Debug|Any CPU
		{C81D4747-D467-42FA-A998-0B8E68131E46}.Debug|Mixed Platforms.ActiveCfg = Debug|Any CPU
		{C81D4747-D467-42FA-A998-0B8E68131E46}.Debug|Mixed Platforms.Build.0 = Debug|Any CPU
		{C81D4747-D467-42FA-A998-0B8E68131E46}.Debug|x64.ActiveCfg = Debug|x64
		{C81D4747-D467-42FA-A998-0B8E68131E46}.Debug|x64.Build.0 = Debug|x64
		{C81D4747-D467-42FA-A998-0B8E68131E46}.Debug|x86.ActiveCfg = Debug|x86
		{C81D4747-D467-42FA-A998-0B8E68131E46}.Debug|x86.Build.0 = Debug|x86
		{C81D4747-D467-42FA-A998-0B8E68131E46}.Release|Any CPU.ActiveCfg = Release|Any CPU
		{C81D4747-D467-42FA-A998-0B8E68131E46}.Release|Any CPU.Build.0 = Release|Any CPU
		{C81D4747-D467-42FA-A998-0B8E68131E46}.Release|Mixed Platforms.ActiveCfg = Release|Any CPU
		{C81D4747-D467-42FA-A998-0B8E68131E46}.Release|Mixed Platforms.Build.0 = Release|Any CPU
		{C81D4747-D467-42FA-A998-0B8E68131E46}.Release|x64.ActiveCfg = Release|x64
		{C81D4747-D467-42FA-A998-0B8E68131E46}.Release|x64.Build.0 = Release|x64
		{C81D4747-D467-42FA-A998-0B8E68131E46}.Release|x86.ActiveCfg = Release|x86
		{C81D4747-D467-42FA-A998-0B8E68131E46}.Release|x86.Build.0 = Release|x86
		{DFD6AB76-FD51-4B29-ABCA-F0E11BEBB9EC}.Debug|Any CPU.ActiveCfg = Debug|Any CPU
		{DFD6AB76-FD51-4B29-ABCA-F0E11BEBB9EC}.Debug|Any CPU.Build.0 = Debug|Any CPU
		{DFD6AB76-FD51-4B29-ABCA-F0E11BEBB9EC}.Debug|Mixed Platforms.ActiveCfg = Debug|Any CPU
		{DFD6AB76-FD51-4B29-ABCA-F0E11BEBB9EC}.Debug|Mixed Platforms.Build.0 = Debug|Any CPU
		{DFD6AB76-FD51-4B29-ABCA-F0E11BEBB9EC}.Debug|x64.ActiveCfg = Debug|x64
		{DFD6AB76-FD51-4B29-ABCA-F0E11BEBB9EC}.Debug|x64.Build.0 = Debug|x64
		{DFD6AB76-FD51-4B29-ABCA-F0E11BEBB9EC}.Debug|x86.ActiveCfg = Debug|x86
		{DFD6AB76-FD51-4B29-ABCA-F0E11BEBB9EC}.Debug|x86.Build.0 = Debug|x86
		{DFD6AB76-FD51-4B29-ABCA-F0E11BEBB9EC}.Release|Any CPU.ActiveCfg = Release|Any CPU
		{DFD6AB76-FD51-4B29-ABCA-F0E11BEBB9EC}.Release|Any CPU.Build.0 = Release|Any CPU
		{DFD6AB76-FD51-4B29-ABCA-F0E11BEBB9EC}.Release|Mixed Platforms.ActiveCfg = Release|Any CPU
		{DFD6AB76-FD51-4B29-ABCA-F0E11BEBB9EC}.Release|Mixed Platforms.Build.0 = Release|Any CPU
		{DFD6AB76-FD51-4B29-ABCA-F0E11BEBB9EC}.Release|x64.ActiveCfg = Release|x64
		{DFD6AB76-FD51-4B29-ABCA-F0E11BEBB9EC}.Release|x64.Build.0 = Release|x64
		{DFD6AB76-FD51-4B29-ABCA-F0E11BEBB9EC}.Release|x86.ActiveCfg = Release|x86
		{DFD6AB76-FD51-4B29-ABCA-F0E11BEBB9EC}.Release|x86.Build.0 = Release|x86
		{CC2ADA96-DEB9-4C47-8B9F-6F289B137701}.Debug|Any CPU.ActiveCfg = Debug|Any CPU
		{CC2ADA96-DEB9-4C47-8B9F-6F289B137701}.Debug|Any CPU.Build.0 = Debug|Any CPU
		{CC2ADA96-DEB9-4C47-8B9F-6F289B137701}.Debug|Mixed Platforms.ActiveCfg = Debug|Any CPU
		{CC2ADA96-DEB9-4C47-8B9F-6F289B137701}.Debug|Mixed Platforms.Build.0 = Debug|Any CPU
		{CC2ADA96-DEB9-4C47-8B9F-6F289B137701}.Debug|x64.ActiveCfg = Debug|x64
		{CC2ADA96-DEB9-4C47-8B9F-6F289B137701}.Debug|x64.Build.0 = Debug|x64
		{CC2ADA96-DEB9-4C47-8B9F-6F289B137701}.Debug|x86.ActiveCfg = Debug|Any CPU
		{CC2ADA96-DEB9-4C47-8B9F-6F289B137701}.Debug|x86.Build.0 = Debug|Any CPU
		{CC2ADA96-DEB9-4C47-8B9F-6F289B137701}.Release|Any CPU.ActiveCfg = Release|Any CPU
		{CC2ADA96-DEB9-4C47-8B9F-6F289B137701}.Release|Any CPU.Build.0 = Release|Any CPU
		{CC2ADA96-DEB9-4C47-8B9F-6F289B137701}.Release|Mixed Platforms.ActiveCfg = Release|Any CPU
		{CC2ADA96-DEB9-4C47-8B9F-6F289B137701}.Release|Mixed Platforms.Build.0 = Release|Any CPU
		{CC2ADA96-DEB9-4C47-8B9F-6F289B137701}.Release|x64.ActiveCfg = Release|Any CPU
		{CC2ADA96-DEB9-4C47-8B9F-6F289B137701}.Release|x64.Build.0 = Release|Any CPU
		{CC2ADA96-DEB9-4C47-8B9F-6F289B137701}.Release|x86.ActiveCfg = Release|Any CPU
		{CC2ADA96-DEB9-4C47-8B9F-6F289B137701}.Release|x86.Build.0 = Release|Any CPU
		{1CBF978A-E8BD-4F25-88EA-B069D1FDF62E}.Debug|Any CPU.ActiveCfg = Debug|Any CPU
		{1CBF978A-E8BD-4F25-88EA-B069D1FDF62E}.Debug|Any CPU.Build.0 = Debug|Any CPU
		{1CBF978A-E8BD-4F25-88EA-B069D1FDF62E}.Debug|Mixed Platforms.ActiveCfg = Debug|Any CPU
		{1CBF978A-E8BD-4F25-88EA-B069D1FDF62E}.Debug|Mixed Platforms.Build.0 = Debug|Any CPU
		{1CBF978A-E8BD-4F25-88EA-B069D1FDF62E}.Debug|x64.ActiveCfg = Debug|x64
		{1CBF978A-E8BD-4F25-88EA-B069D1FDF62E}.Debug|x64.Build.0 = Debug|x64
		{1CBF978A-E8BD-4F25-88EA-B069D1FDF62E}.Debug|x86.ActiveCfg = Debug|Any CPU
		{1CBF978A-E8BD-4F25-88EA-B069D1FDF62E}.Debug|x86.Build.0 = Debug|Any CPU
		{1CBF978A-E8BD-4F25-88EA-B069D1FDF62E}.Release|Any CPU.ActiveCfg = Release|Any CPU
		{1CBF978A-E8BD-4F25-88EA-B069D1FDF62E}.Release|Any CPU.Build.0 = Release|Any CPU
		{1CBF978A-E8BD-4F25-88EA-B069D1FDF62E}.Release|Mixed Platforms.ActiveCfg = Release|Any CPU
		{1CBF978A-E8BD-4F25-88EA-B069D1FDF62E}.Release|Mixed Platforms.Build.0 = Release|Any CPU
		{1CBF978A-E8BD-4F25-88EA-B069D1FDF62E}.Release|x64.ActiveCfg = Release|x64
		{1CBF978A-E8BD-4F25-88EA-B069D1FDF62E}.Release|x64.Build.0 = Release|x64
		{1CBF978A-E8BD-4F25-88EA-B069D1FDF62E}.Release|x86.ActiveCfg = Release|Any CPU
		{1CBF978A-E8BD-4F25-88EA-B069D1FDF62E}.Release|x86.Build.0 = Release|Any CPU
		{97171C5A-EEA0-4F04-9F0A-3B7B2D155DAE}.Debug|Any CPU.ActiveCfg = Debug|Any CPU
		{97171C5A-EEA0-4F04-9F0A-3B7B2D155DAE}.Debug|Any CPU.Build.0 = Debug|Any CPU
		{97171C5A-EEA0-4F04-9F0A-3B7B2D155DAE}.Debug|Mixed Platforms.ActiveCfg = Debug|Any CPU
		{97171C5A-EEA0-4F04-9F0A-3B7B2D155DAE}.Debug|Mixed Platforms.Build.0 = Debug|Any CPU
		{97171C5A-EEA0-4F04-9F0A-3B7B2D155DAE}.Debug|x64.ActiveCfg = Debug|Any CPU
		{97171C5A-EEA0-4F04-9F0A-3B7B2D155DAE}.Debug|x64.Build.0 = Debug|Any CPU
		{97171C5A-EEA0-4F04-9F0A-3B7B2D155DAE}.Debug|x86.ActiveCfg = Debug|Any CPU
		{97171C5A-EEA0-4F04-9F0A-3B7B2D155DAE}.Debug|x86.Build.0 = Debug|Any CPU
		{97171C5A-EEA0-4F04-9F0A-3B7B2D155DAE}.Release|Any CPU.ActiveCfg = Release|Any CPU
		{97171C5A-EEA0-4F04-9F0A-3B7B2D155DAE}.Release|Any CPU.Build.0 = Release|Any CPU
		{97171C5A-EEA0-4F04-9F0A-3B7B2D155DAE}.Release|Mixed Platforms.ActiveCfg = Release|Any CPU
		{97171C5A-EEA0-4F04-9F0A-3B7B2D155DAE}.Release|Mixed Platforms.Build.0 = Release|Any CPU
		{97171C5A-EEA0-4F04-9F0A-3B7B2D155DAE}.Release|x64.ActiveCfg = Release|Any CPU
		{97171C5A-EEA0-4F04-9F0A-3B7B2D155DAE}.Release|x64.Build.0 = Release|Any CPU
		{97171C5A-EEA0-4F04-9F0A-3B7B2D155DAE}.Release|x86.ActiveCfg = Release|Any CPU
		{97171C5A-EEA0-4F04-9F0A-3B7B2D155DAE}.Release|x86.Build.0 = Release|Any CPU
		{5A002F83-17A5-403D-ADC6-246C21F9918D}.Debug|Any CPU.ActiveCfg = Debug|Any CPU
		{5A002F83-17A5-403D-ADC6-246C21F9918D}.Debug|Any CPU.Build.0 = Debug|Any CPU
		{5A002F83-17A5-403D-ADC6-246C21F9918D}.Debug|Mixed Platforms.ActiveCfg = Debug|Any CPU
		{5A002F83-17A5-403D-ADC6-246C21F9918D}.Debug|Mixed Platforms.Build.0 = Debug|Any CPU
		{5A002F83-17A5-403D-ADC6-246C21F9918D}.Debug|x64.ActiveCfg = Debug|Any CPU
		{5A002F83-17A5-403D-ADC6-246C21F9918D}.Debug|x64.Build.0 = Debug|Any CPU
		{5A002F83-17A5-403D-ADC6-246C21F9918D}.Debug|x86.ActiveCfg = Debug|Any CPU
		{5A002F83-17A5-403D-ADC6-246C21F9918D}.Debug|x86.Build.0 = Debug|Any CPU
		{5A002F83-17A5-403D-ADC6-246C21F9918D}.Release|Any CPU.ActiveCfg = Release|Any CPU
		{5A002F83-17A5-403D-ADC6-246C21F9918D}.Release|Any CPU.Build.0 = Release|Any CPU
		{5A002F83-17A5-403D-ADC6-246C21F9918D}.Release|Mixed Platforms.ActiveCfg = Release|Any CPU
		{5A002F83-17A5-403D-ADC6-246C21F9918D}.Release|Mixed Platforms.Build.0 = Release|Any CPU
		{5A002F83-17A5-403D-ADC6-246C21F9918D}.Release|x64.ActiveCfg = Release|Any CPU
		{5A002F83-17A5-403D-ADC6-246C21F9918D}.Release|x64.Build.0 = Release|Any CPU
		{5A002F83-17A5-403D-ADC6-246C21F9918D}.Release|x86.ActiveCfg = Release|Any CPU
		{5A002F83-17A5-403D-ADC6-246C21F9918D}.Release|x86.Build.0 = Release|Any CPU
		{AE3E5659-CA82-4CD1-B881-5FDE76130078}.Debug|Any CPU.ActiveCfg = Debug|Any CPU
		{AE3E5659-CA82-4CD1-B881-5FDE76130078}.Debug|Any CPU.Build.0 = Debug|Any CPU
		{AE3E5659-CA82-4CD1-B881-5FDE76130078}.Debug|Mixed Platforms.ActiveCfg = Debug|Any CPU
		{AE3E5659-CA82-4CD1-B881-5FDE76130078}.Debug|Mixed Platforms.Build.0 = Debug|Any CPU
		{AE3E5659-CA82-4CD1-B881-5FDE76130078}.Debug|x64.ActiveCfg = Debug|Any CPU
		{AE3E5659-CA82-4CD1-B881-5FDE76130078}.Debug|x64.Build.0 = Debug|Any CPU
		{AE3E5659-CA82-4CD1-B881-5FDE76130078}.Debug|x86.ActiveCfg = Debug|Any CPU
		{AE3E5659-CA82-4CD1-B881-5FDE76130078}.Debug|x86.Build.0 = Debug|Any CPU
		{AE3E5659-CA82-4CD1-B881-5FDE76130078}.Release|Any CPU.ActiveCfg = Release|Any CPU
		{AE3E5659-CA82-4CD1-B881-5FDE76130078}.Release|Any CPU.Build.0 = Release|Any CPU
		{AE3E5659-CA82-4CD1-B881-5FDE76130078}.Release|Mixed Platforms.ActiveCfg = Release|Any CPU
		{AE3E5659-CA82-4CD1-B881-5FDE76130078}.Release|Mixed Platforms.Build.0 = Release|Any CPU
		{AE3E5659-CA82-4CD1-B881-5FDE76130078}.Release|x64.ActiveCfg = Release|Any CPU
		{AE3E5659-CA82-4CD1-B881-5FDE76130078}.Release|x64.Build.0 = Release|Any CPU
		{AE3E5659-CA82-4CD1-B881-5FDE76130078}.Release|x86.ActiveCfg = Release|Any CPU
		{AE3E5659-CA82-4CD1-B881-5FDE76130078}.Release|x86.Build.0 = Release|Any CPU
	EndGlobalSection
	GlobalSection(SolutionProperties) = preSolution
		HideSolutionNode = FALSE
	EndGlobalSection
	GlobalSection(NestedProjects) = preSolution
		{97171C5A-EEA0-4F04-9F0A-3B7B2D155DAE} = {35D990C7-F9DA-4907-9C72-2C6E3E52B2C9}
		{5A002F83-17A5-403D-ADC6-246C21F9918D} = {35D990C7-F9DA-4907-9C72-2C6E3E52B2C9}
		{AE3E5659-CA82-4CD1-B881-5FDE76130078} = {35D990C7-F9DA-4907-9C72-2C6E3E52B2C9}
	EndGlobalSection
	GlobalSection(ExtensibilityGlobals) = postSolution
		SolutionGuid = {CDAEB0E5-1E95-4A67-BF43-48878D46AC1C}
	EndGlobalSection
EndGlobal
